
Microsoft Visual Studio Solution File, Format Version 12.00
# Visual Studio Version 16
VisualStudioVersion = 16.0.31005.135
MinimumVisualStudioVersion = 10.0.40219.1
Project("{9A19103F-16F7-4668-BE54-9A1E7A4F7556}") = "BookListRazor", "BookListRazor\BookListRazor.csproj", "{0A42E5CA-3BD9-4F31-9116-3502B32F6B8D}"
EndProject
Global
	GlobalSection(SolutionConfigurationPlatforms) = preSolution
		Debug|Any CPU = Debug|Any CPU
		Release|Any CPU = Release|Any CPU
	EndGlobalSection
	GlobalSection(ProjectConfigurationPlatforms) = postSolution
		{0A42E5CA-3BD9-4F31-9116-3502B32F6B8D}.Debug|Any CPU.ActiveCfg = Debug|Any CPU
		{0A42E5CA-3BD9-4F31-9116-3502B32F6B8D}.Debug|Any CPU.Build.0 = Debug|Any CPU
		{0A42E5CA-3BD9-4F31-9116-3502B32F6B8D}.Release|Any CPU.ActiveCfg = Release|Any CPU
		{0A42E5CA-3BD9-4F31-9116-3502B32F6B8D}.Release|Any CPU.Build.0 = Release|Any CPU
	EndGlobalSection
	GlobalSection(SolutionProperties) = preSolution
		HideSolutionNode = FALSE
	EndGlobalSection
	GlobalSection(ExtensibilityGlobals) = postSolution
		SolutionGuid = {CBC5A949-252F-40BD-B61D-CE1BDCC99F80}
	EndGlobalSection
EndGlobal
